
Microsoft Visual Studio Solution File, Format Version 12.00
# Visual Studio Version 17
VisualStudioVersion = 17.8.34330.188
MinimumVisualStudioVersion = 10.0.40219.1
Project("{FAE04EC0-301F-11D3-BF4B-00C04F79EFBC}") = "Final2023", "Final2023\Final2023.csproj", "{9FA70783-7990-4E60-BA84-845253288D04}"
EndProject
Global
	GlobalSection(SolutionConfigurationPlatforms) = preSolution
		Debug|Any CPU = Debug|Any CPU
		Release|Any CPU = Release|Any CPU
	EndGlobalSection
	GlobalSection(ProjectConfigurationPlatforms) = postSolution
		{9FA70783-7990-4E60-BA84-845253288D04}.Debug|Any CPU.ActiveCfg = Debug|Any CPU
		{9FA70783-7990-4E60-BA84-845253288D04}.Debug|Any CPU.Build.0 = Debug|Any CPU
		{9FA70783-7990-4E60-BA84-845253288D04}.Release|Any CPU.ActiveCfg = Release|Any CPU
		{9FA70783-7990-4E60-BA84-845253288D04}.Release|Any CPU.Build.0 = Release|Any CPU
	EndGlobalSection
	GlobalSection(SolutionProperties) = preSolution
		HideSolutionNode = FALSE
	EndGlobalSection
	GlobalSection(ExtensibilityGlobals) = postSolution
		SolutionGuid = {7CB9E66C-B067-4D9B-AE6E-8B7F3185C6A4}
	EndGlobalSection
EndGlobal
